{
	"name": "@honest-nft/blockchain",
	"version": "1.0.0",
	"lockfileVersion": 3,
	"requires": true,
	"packages": {
		"": {
			"name": "@honest-nft/blockchain",
			"version": "1.0.0",
			"license": "MIT",
			"dependencies": {
				"@openzeppelin/contracts": "^5.0.2"
			},
			"devDependencies": {
				"@nomicfoundation/hardhat-toolbox-viem": "^3.0.0",
				"hardhat": "^2.22.2",
				"hardhat-gas-reporter": "^2.0.2",
				"prettier": "^3.2.5",
				"prettier-plugin-solidity": "^1.3.1"
			}
		},
		"../../node_modules/.pnpm/@nomicfoundation+hardhat-toolbox-viem@3.0.0_@nomicfoundation+hardhat-ignition-viem@0.15.0_@no_ilgddumwp2y5zkrcgqubg2bjwu/node_modules/@nomicfoundation/hardhat-toolbox-viem": {
			"version": "3.0.0",
			"dev": true,
			"license": "MIT",
			"dependencies": {
				"chai-as-promised": "^7.1.1"
			},
			"devDependencies": {
				"@nomicfoundation/eslint-plugin-hardhat-internal-rules": "^1.0.2",
				"@nomicfoundation/eslint-plugin-slow-imports": "^1.0.0",
				"@nomicfoundation/hardhat-ignition-viem": "^0.15.0",
				"@nomicfoundation/hardhat-network-helpers": "^1.0.0",
				"@nomicfoundation/hardhat-verify": "^2.0.0",
				"@nomicfoundation/hardhat-viem": "^2.0.0",
				"@types/chai": "^4.2.0",
				"@types/chai-as-promised": "^7.1.6",
				"@types/mocha": ">=9.1.0",
				"@types/node": "^18.0.0",
				"@typescript-eslint/eslint-plugin": "5.61.0",
				"@typescript-eslint/parser": "5.61.0",
				"chai": "^4.2.0",
				"eslint": "^8.44.0",
				"eslint-config-prettier": "8.3.0",
				"eslint-plugin-import": "2.27.5",
				"eslint-plugin-no-only-tests": "3.0.0",
				"eslint-plugin-prettier": "3.4.0",
				"hardhat": "^2.11.0",
				"hardhat-gas-reporter": "^1.0.8",
				"mocha": "^10.0.0",
				"prettier": "2.4.1",
				"rimraf": "^3.0.2",
				"solidity-coverage": "^0.8.1",
				"ts-node": "^10.8.0",
				"typescript": "~5.0.4",
				"viem": "^2.7.6"
			},
			"peerDependencies": {
				"@nomicfoundation/hardhat-ignition-viem": "^0.15.0",
				"@nomicfoundation/hardhat-network-helpers": "^1.0.0",
				"@nomicfoundation/hardhat-verify": "^2.0.0",
				"@nomicfoundation/hardhat-viem": "^2.0.0",
				"@types/chai": "^4.2.0",
				"@types/chai-as-promised": "^7.1.6",
				"@types/mocha": ">=9.1.0",
				"@types/node": ">=18.0.0",
				"chai": "^4.2.0",
				"hardhat": "^2.11.0",
				"hardhat-gas-reporter": "^1.0.8",
				"solidity-coverage": "^0.8.1",
				"ts-node": ">=8.0.0",
				"typescript": "^5.0.4",
				"viem": "^2.7.6"
			}
		},
		"../../node_modules/.pnpm/@openzeppelin+contracts@5.0.2/node_modules/@openzeppelin/contracts": {
			"version": "5.0.2",
			"license": "MIT"
		},
		"../../node_modules/.pnpm/hardhat-gas-reporter@2.0.2_hardhat@2.22.2_typescript@5.4.3/node_modules/hardhat-gas-reporter": {
			"version": "2.0.2",
			"dev": true,
			"license": "MIT",
			"dependencies": {
				"@ethersproject/abi": "^5.7.0",
				"@ethersproject/bytes": "^5.7.0",
				"@ethersproject/units": "^5.7.0",
				"@solidity-parser/parser": "^0.18.0",
				"axios": "^1.6.7",
				"chalk": "4.1.2",
				"cli-table3": "^0.6.3",
				"ethereum-cryptography": "^2.1.3",
				"glob": "^10.3.10",
				"jsonschema": "^1.4.1",
				"lodash": "^4.17.21",
				"markdown-table": "2.0.0",
				"sha1": "^1.1.1",
				"viem": "2.7.14"
			},
			"devDependencies": {
				"@nomicfoundation/hardhat-ethers": "^3.0.5",
				"@nomicfoundation/hardhat-network-helpers": "^1.0.10",
				"@nomicfoundation/hardhat-verify": "^2.0.0",
				"@nomicfoundation/hardhat-viem": "^2.0.0",
				"@openzeppelin/contracts": "3.4.1-solc-0.7-2",
				"@openzeppelin/contracts-upgradeable": "^5.0.1",
				"@openzeppelin/hardhat-upgrades": "^3.0.4",
				"@types/chai": "^4.2.14",
				"@types/chai-as-promised": "7.1.8",
				"@types/fs-extra": "^5.0.4",
				"@types/lodash": "^4.14.202",
				"@types/markdown-table": "2.0.0",
				"@types/mocha": "7",
				"@types/node": "^8.10.38",
				"@types/sha1": "^1.1.5",
				"@typescript-eslint/eslint-plugin": "5.61.0",
				"@typescript-eslint/parser": "5.61.0",
				"@uniswap/v3-core": "1.0.0",
				"@uniswap/v3-periphery": "1.1.1",
				"chai": "^4.2.0",
				"chai-as-promised": "7.1.1",
				"dotenv": "^6.2.0",
				"eslint": "8.44.0",
				"eslint-plugin-import": "2.27.5",
				"eslint-plugin-no-only-tests": "3.0.0",
				"ethers": "^6.11.1",
				"hardhat": "^2.20.1",
				"mocha": "10.0.0",
				"prettier": "2.4.1",
				"source-map-support": "^0.5.12",
				"ts-node": "^8.1.0",
				"typescript": "~5.0.4"
			},
			"peerDependencies": {
				"hardhat": "^2.16.0"
			}
		},
		"../../node_modules/.pnpm/hardhat@2.22.2_ts-node@10.9.2_typescript@5.4.3/node_modules/hardhat": {
			"version": "2.22.2",
			"dev": true,
			"license": "MIT",
			"dependencies": {
				"@ethersproject/abi": "^5.1.2",
				"@metamask/eth-sig-util": "^4.0.0",
				"@nomicfoundation/edr": "^0.3.1",
				"@nomicfoundation/ethereumjs-common": "4.0.4",
				"@nomicfoundation/ethereumjs-tx": "5.0.4",
				"@nomicfoundation/ethereumjs-util": "9.0.4",
				"@nomicfoundation/solidity-analyzer": "^0.1.0",
				"@sentry/node": "^5.18.1",
				"@types/bn.js": "^5.1.0",
				"@types/lru-cache": "^5.1.0",
				"adm-zip": "^0.4.16",
				"aggregate-error": "^3.0.0",
				"ansi-escapes": "^4.3.0",
				"boxen": "^5.1.2",
				"chalk": "^2.4.2",
				"chokidar": "^3.4.0",
				"ci-info": "^2.0.0",
				"debug": "^4.1.1",
				"enquirer": "^2.3.0",
				"env-paths": "^2.2.0",
				"ethereum-cryptography": "^1.0.3",
				"ethereumjs-abi": "^0.6.8",
				"find-up": "^2.1.0",
				"fp-ts": "1.19.3",
				"fs-extra": "^7.0.1",
				"glob": "7.2.0",
				"immutable": "^4.0.0-rc.12",
				"io-ts": "1.10.4",
				"keccak": "^3.0.2",
				"lodash": "^4.17.11",
				"mnemonist": "^0.38.0",
				"mocha": "^10.0.0",
				"p-map": "^4.0.0",
				"raw-body": "^2.4.1",
				"resolve": "1.17.0",
				"semver": "^6.3.0",
				"solc": "0.7.3",
				"source-map-support": "^0.5.13",
				"stacktrace-parser": "^0.1.10",
				"tsort": "0.0.1",
				"undici": "^5.14.0",
				"uuid": "^8.3.2",
				"ws": "^7.4.6"
			},
			"bin": {
				"hardhat": "internal/cli/bootstrap.js"
			},
			"devDependencies": {
				"@nomicfoundation/eslint-plugin-hardhat-internal-rules": "^1.0.2",
				"@nomicfoundation/eslint-plugin-slow-imports": "^1.0.0",
				"@nomicfoundation/ethereumjs-block": "5.0.4",
				"@types/async-eventemitter": "^0.2.1",
				"@types/bn.js": "^5.1.0",
				"@types/chai": "^4.2.0",
				"@types/chai-as-promised": "^7.1.3",
				"@types/ci-info": "^2.0.0",
				"@types/debug": "^4.1.4",
				"@types/find-up": "^2.1.1",
				"@types/fs-extra": "^5.1.0",
				"@types/glob": "^7.1.1",
				"@types/keccak": "^3.0.1",
				"@types/lodash": "^4.14.123",
				"@types/mocha": ">=9.1.0",
				"@types/node": "^18.0.0",
				"@types/resolve": "^1.17.1",
				"@types/semver": "^6.0.2",
				"@types/sinon": "^9.0.8",
				"@types/uuid": "^8.3.1",
				"@types/ws": "^7.2.1",
				"@typescript-eslint/eslint-plugin": "5.61.0",
				"@typescript-eslint/parser": "5.61.0",
				"bignumber.js": "^9.0.2",
				"bn.js": "^5.1.0",
				"chai": "^4.2.0",
				"chai-as-promised": "^7.1.1",
				"eslint": "^8.44.0",
				"eslint-config-prettier": "8.3.0",
				"eslint-plugin-import": "2.27.5",
				"eslint-plugin-no-only-tests": "3.0.0",
				"eslint-plugin-prettier": "3.4.0",
				"ethers": "^6.1.0",
				"ethers-v5": "npm:ethers@5",
				"mocha": "^10.0.0",
				"prettier": "2.4.1",
				"rimraf": "^3.0.2",
				"sinon": "^9.0.0",
				"time-require": "^0.1.2",
				"ts-node": "^10.8.0",
				"typescript": "~5.0.0"
			},
			"peerDependencies": {
				"ts-node": "*",
				"typescript": "*"
			},
			"peerDependenciesMeta": {
				"ts-node": {
					"optional": true
				},
				"typescript": {
					"optional": true
				}
			}
		},
		"node_modules/@nomicfoundation/hardhat-toolbox-viem": {
			"resolved": "../../node_modules/.pnpm/@nomicfoundation+hardhat-toolbox-viem@3.0.0_@nomicfoundation+hardhat-ignition-viem@0.15.0_@no_ilgddumwp2y5zkrcgqubg2bjwu/node_modules/@nomicfoundation/hardhat-toolbox-viem",
			"link": true
		},
		"node_modules/@openzeppelin/contracts": {
			"resolved": "../../node_modules/.pnpm/@openzeppelin+contracts@5.0.2/node_modules/@openzeppelin/contracts",
			"link": true
		},
		"node_modules/@solidity-parser/parser": {
			"version": "0.17.0",
			"resolved": "https://registry.npmjs.org/@solidity-parser/parser/-/parser-0.17.0.tgz",
			"integrity": "sha512-Nko8R0/kUo391jsEHHxrGM07QFdnPGvlmox4rmH0kNiNAashItAilhy4Mv4pK5gQmW5f4sXAF58fwJbmlkGcVw==",
			"dev": true
		},
		"node_modules/hardhat": {
			"resolved": "../../node_modules/.pnpm/hardhat@2.22.2_ts-node@10.9.2_typescript@5.4.3/node_modules/hardhat",
			"link": true
		},
		"node_modules/hardhat-gas-reporter": {
			"resolved": "../../node_modules/.pnpm/hardhat-gas-reporter@2.0.2_hardhat@2.22.2_typescript@5.4.3/node_modules/hardhat-gas-reporter",
			"link": true
		},
		"node_modules/lru-cache": {
			"version": "6.0.0",
			"resolved": "https://registry.npmjs.org/lru-cache/-/lru-cache-6.0.0.tgz",
			"integrity": "sha512-Jo6dJ04CmSjuznwJSS3pUeWmd/H0ffTlkXXgwZi+eq1UCmqQwCh+eLsYOYCwY991i2Fah4h1BEMCx4qThGbsiA==",
			"dev": true,
			"dependencies": {
				"yallist": "^4.0.0"
			},
			"engines": {
				"node": ">=10"
			}
		},
		"node_modules/prettier": {
			"version": "3.2.5",
			"resolved": "https://registry.npmjs.org/prettier/-/prettier-3.2.5.tgz",
			"integrity": "sha512-3/GWa9aOC0YeD7LUfvOG2NiDyhOWRvt1k+rcKhOuYnMY24iiCphgneUfJDyFXd6rZCAnuLBv6UeAULtrhT/F4A==",
			"dev": true,
			"bin": {
				"prettier": "bin/prettier.cjs"
			},
			"engines": {
				"node": ">=14"
			},
			"funding": {
				"url": "https://github.com/prettier/prettier?sponsor=1"
			}
		},
		"node_modules/prettier-plugin-solidity": {
			"version": "1.3.1",
			"resolved": "https://registry.npmjs.org/prettier-plugin-solidity/-/prettier-plugin-solidity-1.3.1.tgz",
			"integrity": "sha512-MN4OP5I2gHAzHZG1wcuJl0FsLS3c4Cc5494bbg+6oQWBPuEamjwDvmGfFMZ6NFzsh3Efd9UUxeT7ImgjNH4ozA==",
			"dev": true,
			"dependencies": {
				"@solidity-parser/parser": "^0.17.0",
				"semver": "^7.5.4",
				"solidity-comments-extractor": "^0.0.8"
			},
			"engines": {
				"node": ">=16"
			},
			"peerDependencies": {
				"prettier": ">=2.3.0"
			}
		},
		"node_modules/semver": {
			"version": "7.6.0",
			"resolved": "https://registry.npmjs.org/semver/-/semver-7.6.0.tgz",
			"integrity": "sha512-EnwXhrlwXMk9gKu5/flx5sv/an57AkRplG3hTK68W7FRDN+k+OWBj65M7719OkA82XLBxrcX0KSHj+X5COhOVg==",
			"dev": true,
			"dependencies": {
				"lru-cache": "^6.0.0"
			},
			"bin": {
				"semver": "bin/semver.js"
			},
			"engines": {
				"node": ">=10"
			}
		},
		"node_modules/solidity-comments-extractor": {
			"version": "0.0.8",
			"resolved": "https://registry.npmjs.org/solidity-comments-extractor/-/solidity-comments-extractor-0.0.8.tgz",
			"integrity": "sha512-htM7Vn6LhHreR+EglVMd2s+sZhcXAirB1Zlyrv5zBuTxieCvjfnRpd7iZk75m/u6NOlEyQ94C6TWbBn2cY7w8g==",
			"dev": true
		},
		"node_modules/yallist": {
			"version": "4.0.0",
			"resolved": "https://registry.npmjs.org/yallist/-/yallist-4.0.0.tgz",
			"integrity": "sha512-3wdGidZyq5PB084XLES5TpOSRA3wjXAlIWMhum2kRcv/41Sn2emQ0dycQW4uZXLejwKvg6EsvbdlVL+FYEct7A==",
			"dev": true
		}
	}
}
